
Microsoft Visual Studio Solution File, Format Version 12.00
# Visual Studio Version 17
VisualStudioVersion = 17.4.33205.214
MinimumVisualStudioVersion = 10.0.40219.1
Project("{9A19103F-16F7-4668-BE54-9A1E7A4F7556}") = "ASPAPI", "ASPAPI\ASPAPI.csproj", "{C971E938-73E1-470E-A6D4-78CFC046ADB2}"
EndProject
Project("{FAE04EC0-301F-11D3-BF4B-00C04F79EFBC}") = "ASPAPI.Tests", "ASPAPI.Tests\ASPAPI.Tests.csproj", "{9D9D9AB2-0457-4B40-ADD2-7CFB73F047EF}"
EndProject
Global
	GlobalSection(SolutionConfigurationPlatforms) = preSolution
		Debug|Any CPU = Debug|Any CPU
		Release|Any CPU = Release|Any CPU
	EndGlobalSection
	GlobalSection(ProjectConfigurationPlatforms) = postSolution
		{C971E938-73E1-470E-A6D4-78CFC046ADB2}.Debug|Any CPU.ActiveCfg = Debug|Any CPU
		{C971E938-73E1-470E-A6D4-78CFC046ADB2}.Debug|Any CPU.Build.0 = Debug|Any CPU
		{C971E938-73E1-470E-A6D4-78CFC046ADB2}.Release|Any CPU.ActiveCfg = Release|Any CPU
		{C971E938-73E1-470E-A6D4-78CFC046ADB2}.Release|Any CPU.Build.0 = Release|Any CPU
		{9D9D9AB2-0457-4B40-ADD2-7CFB73F047EF}.Debug|Any CPU.ActiveCfg = Debug|Any CPU
		{9D9D9AB2-0457-4B40-ADD2-7CFB73F047EF}.Debug|Any CPU.Build.0 = Debug|Any CPU
		{9D9D9AB2-0457-4B40-ADD2-7CFB73F047EF}.Release|Any CPU.ActiveCfg = Release|Any CPU
		{9D9D9AB2-0457-4B40-ADD2-7CFB73F047EF}.Release|Any CPU.Build.0 = Release|Any CPU
	EndGlobalSection
	GlobalSection(SolutionProperties) = preSolution
		HideSolutionNode = FALSE
	EndGlobalSection
	GlobalSection(ExtensibilityGlobals) = postSolution
		SolutionGuid = {CE7461B4-7CE5-446F-960C-4FAA7AAFB328}
	EndGlobalSection
EndGlobal
